{
    "_readme": [
        "This file locks the dependencies of your project to a known state",
        "Read more about it at https://getcomposer.org/doc/01-basic-usage.md#installing-dependencies",
        "This file is @generated automatically"
    ],
    "content-hash": "ed0b4d6f1d4884d8f6b700b6ad703cdf",
    "packages": [
        {
            "name": "doctrine/inflector",
            "version": "v1.1.0",
            "source": {
                "type": "git",
                "url": "https://github.com/doctrine/inflector.git",
                "reference": "90b2128806bfde671b6952ab8bea493942c1fdae"
            },
            "dist": {
                "type": "zip",
                "url": "https://api.github.com/repos/doctrine/inflector/zipball/90b2128806bfde671b6952ab8bea493942c1fdae",
                "reference": "90b2128806bfde671b6952ab8bea493942c1fdae",
                "shasum": ""
            },
            "require": {
                "php": ">=5.3.2"
            },
            "require-dev": {
                "phpunit/phpunit": "4.*"
            },
            "type": "library",
            "extra": {
                "branch-alias": {
                    "dev-master": "1.1.x-dev"
                }
            },
            "autoload": {
                "psr-0": {
                    "Doctrine\\Common\\Inflector\\": "lib/"
                }
            },
            "notification-url": "https://packagist.org/downloads/",
            "license": [
                "MIT"
            ],
            "authors": [
                {
                    "name": "Roman Borschel",
                    "email": "roman@code-factory.org"
                },
                {
                    "name": "Benjamin Eberlei",
                    "email": "kontakt@beberlei.de"
                },
                {
                    "name": "Guilherme Blanco",
                    "email": "guilhermeblanco@gmail.com"
                },
                {
                    "name": "Jonathan Wage",
                    "email": "jonwage@gmail.com"
                },
                {
                    "name": "Johannes Schmitt",
                    "email": "schmittjoh@gmail.com"
                }
            ],
            "description": "Common String Manipulations with regard to casing and singular/plural rules.",
            "homepage": "http://www.doctrine-project.org",
            "keywords": [
                "inflection",
                "pluralize",
                "singularize",
                "string"
            ],
            "time": "2015-11-06T14:35:42+00:00"
        },
        {
            "name": "illuminate/config",
            "version": "v5.4.36",
            "source": {
                "type": "git",
                "url": "https://github.com/illuminate/config.git",
                "reference": "8fe700aa596bc623d347e4578041fbda7a44c3d9"
            },
            "dist": {
                "type": "zip",
                "url": "https://api.github.com/repos/illuminate/config/zipball/8fe700aa596bc623d347e4578041fbda7a44c3d9",
                "reference": "8fe700aa596bc623d347e4578041fbda7a44c3d9",
                "shasum": ""
            },
            "require": {
                "illuminate/contracts": "5.4.*",
                "illuminate/support": "5.4.*",
                "php": ">=5.6.4"
            },
            "type": "library",
            "extra": {
                "branch-alias": {
                    "dev-master": "5.4-dev"
                }
            },
            "autoload": {
                "psr-4": {
                    "Illuminate\\Config\\": ""
                }
            },
            "notification-url": "https://packagist.org/downloads/",
            "license": [
                "MIT"
            ],
            "authors": [
                {
                    "name": "Taylor Otwell",
                    "email": "taylor@laravel.com"
                }
            ],
            "description": "The Illuminate Config package.",
            "homepage": "https://laravel.com",
            "time": "2017-02-04T20:27:32+00:00"
        },
        {
            "name": "illuminate/container",
            "version": "v5.4.36",
            "source": {
                "type": "git",
                "url": "https://github.com/illuminate/container.git",
                "reference": "c5b8a02a34a52c307f16922334c355c5eef725a6"
            },
            "dist": {
                "type": "zip",
                "url": "https://api.github.com/repos/illuminate/container/zipball/c5b8a02a34a52c307f16922334c355c5eef725a6",
                "reference": "c5b8a02a34a52c307f16922334c355c5eef725a6",
                "shasum": ""
            },
            "require": {
                "illuminate/contracts": "5.4.*",
                "php": ">=5.6.4"
            },
            "type": "library",
            "extra": {
                "branch-alias": {
                    "dev-master": "5.4-dev"
                }
            },
            "autoload": {
                "psr-4": {
                    "Illuminate\\Container\\": ""
                }
            },
            "notification-url": "https://packagist.org/downloads/",
            "license": [
                "MIT"
            ],
            "authors": [
                {
                    "name": "Taylor Otwell",
                    "email": "taylor@laravel.com"
                }
            ],
            "description": "The Illuminate Container package.",
            "homepage": "https://laravel.com",
            "time": "2017-05-24T14:15:53+00:00"
        },
        {
            "name": "illuminate/contracts",
            "version": "v5.4.36",
            "source": {
                "type": "git",
                "url": "https://github.com/illuminate/contracts.git",
                "reference": "67f642e018f3e95fb0b2ebffc206c3200391b1ab"
            },
            "dist": {
                "type": "zip",
                "url": "https://api.github.com/repos/illuminate/contracts/zipball/67f642e018f3e95fb0b2ebffc206c3200391b1ab",
                "reference": "67f642e018f3e95fb0b2ebffc206c3200391b1ab",
                "shasum": ""
            },
            "require": {
                "php": ">=5.6.4"
            },
            "type": "library",
            "extra": {
                "branch-alias": {
                    "dev-master": "5.4-dev"
                }
            },
            "autoload": {
                "psr-4": {
                    "Illuminate\\Contracts\\": ""
                }
            },
            "notification-url": "https://packagist.org/downloads/",
            "license": [
                "MIT"
            ],
            "authors": [
                {
                    "name": "Taylor Otwell",
                    "email": "taylor@laravel.com"
                }
            ],
            "description": "The Illuminate Contracts package.",
            "homepage": "https://laravel.com",
            "time": "2017-08-26T23:56:53+00:00"
        },
        {
            "name": "illuminate/support",
            "version": "v5.4.36",
            "source": {
                "type": "git",
                "url": "https://github.com/illuminate/support.git",
                "reference": "feab1d1495fd6d38970bd6c83586ba2ace8f299a"
            },
            "dist": {
                "type": "zip",
                "url": "https://api.github.com/repos/illuminate/support/zipball/feab1d1495fd6d38970bd6c83586ba2ace8f299a",
                "reference": "feab1d1495fd6d38970bd6c83586ba2ace8f299a",
                "shasum": ""
            },
            "require": {
                "doctrine/inflector": "~1.1",
                "ext-mbstring": "*",
                "illuminate/contracts": "5.4.*",
                "paragonie/random_compat": "~1.4|~2.0",
                "php": ">=5.6.4"
            },
            "replace": {
                "tightenco/collect": "self.version"
            },
            "suggest": {
                "illuminate/filesystem": "Required to use the composer class (5.2.*).",
                "symfony/process": "Required to use the composer class (~3.2).",
                "symfony/var-dumper": "Required to use the dd function (~3.2)."
            },
            "type": "library",
            "extra": {
                "branch-alias": {
                    "dev-master": "5.4-dev"
                }
            },
            "autoload": {
                "psr-4": {
                    "Illuminate\\Support\\": ""
                },
                "files": [
                    "helpers.php"
                ]
            },
            "notification-url": "https://packagist.org/downloads/",
            "license": [
                "MIT"
            ],
            "authors": [
                {
                    "name": "Taylor Otwell",
                    "email": "taylor@laravel.com"
                }
            ],
            "description": "The Illuminate Support package.",
            "homepage": "https://laravel.com",
            "time": "2017-08-15T13:25:41+00:00"
        },
        {
            "name": "matthiasmullie/minify",
            "version": "1.3.61",
            "source": {
                "type": "git",
                "url": "https://github.com/matthiasmullie/minify.git",
                "reference": "d5acb8ce5b6acb7d11bafe97cecc533f6e4fd751"
            },
            "dist": {
                "type": "zip",
                "url": "https://api.github.com/repos/matthiasmullie/minify/zipball/d5acb8ce5b6acb7d11bafe97cecc533f6e4fd751",
                "reference": "d5acb8ce5b6acb7d11bafe97cecc533f6e4fd751",
                "shasum": ""
            },
            "require": {
                "ext-pcre": "*",
                "matthiasmullie/path-converter": "~1.1",
                "php": ">=5.3.0"
            },
            "require-dev": {
                "friendsofphp/php-cs-fixer": "~2.0",
                "matthiasmullie/scrapbook": "~1.0",
                "phpunit/phpunit": "~4.8"
            },
            "suggest": {
                "psr/cache-implementation": "Cache implementation to use with Minify::cache"
            },
            "bin": [
                "bin/minifycss",
                "bin/minifyjs"
            ],
            "type": "library",
            "autoload": {
                "psr-4": {
                    "MatthiasMullie\\Minify\\": "src/"
                }
            },
            "notification-url": "https://packagist.org/downloads/",
            "license": [
                "MIT"
            ],
            "authors": [
                {
                    "name": "Matthias Mullie",
                    "email": "minify@mullie.eu",
                    "homepage": "http://www.mullie.eu",
                    "role": "Developer"
                }
            ],
            "description": "CSS & JavaScript minifier, in PHP. Removes whitespace, strips comments, combines files (incl. @import statements and small assets in CSS files), and optimizes/shortens a few common programming patterns.",
            "homepage": "http://www.minifier.org",
            "keywords": [
                "JS",
                "css",
                "javascript",
                "minifier",
                "minify"
            ],
            "time": "2018-11-26T23:10:39+00:00"
        },
        {
            "name": "matthiasmullie/path-converter",
            "version": "1.1.2",
            "source": {
                "type": "git",
                "url": "https://github.com/matthiasmullie/path-converter.git",
                "reference": "5e4b121c8b9f97c80835c1d878b0812ba1d607c9"
            },
            "dist": {
                "type": "zip",
                "url": "https://api.github.com/repos/matthiasmullie/path-converter/zipball/5e4b121c8b9f97c80835c1d878b0812ba1d607c9",
                "reference": "5e4b121c8b9f97c80835c1d878b0812ba1d607c9",
                "shasum": ""
            },
            "require": {
                "ext-pcre": "*",
                "php": ">=5.3.0"
            },
            "require-dev": {
                "phpunit/phpunit": "~4.8"
            },
            "type": "library",
            "autoload": {
                "psr-4": {
                    "MatthiasMullie\\PathConverter\\": "src/"
                }
            },
            "notification-url": "https://packagist.org/downloads/",
            "license": [
                "MIT"
            ],
            "authors": [
                {
                    "name": "Matthias Mullie",
                    "email": "pathconverter@mullie.eu",
                    "homepage": "http://www.mullie.eu",
                    "role": "Developer"
                }
            ],
            "description": "Relative path converter",
            "homepage": "http://github.com/matthiasmullie/path-converter",
            "keywords": [
                "converter",
                "path",
                "paths",
                "relative"
            ],
            "time": "2018-10-25T15:19:41+00:00"
        },
        {
            "name": "mlocati/ip-lib",
            "version": "1.9.0",
            "source": {
                "type": "git",
                "url": "https://github.com/mlocati/ip-lib.git",
                "reference": "b844659e3b87a461d1a8fe8e3e374aa6c4a5d902"
            },
            "dist": {
                "type": "zip",
                "url": "https://api.github.com/repos/mlocati/ip-lib/zipball/b844659e3b87a461d1a8fe8e3e374aa6c4a5d902",
                "reference": "b844659e3b87a461d1a8fe8e3e374aa6c4a5d902",
                "shasum": ""
            },
            "require": {
                "php": ">=5.3.3"
            },
            "require-dev": {
                "ext-pdo_sqlite": "*",
                "phpunit/dbunit": "^1.4 || ^2 || ^3 || ^4",
                "phpunit/phpunit": "^4.8 || ^5.7 || ^6.5"
            },
            "type": "library",
            "autoload": {
                "psr-4": {
                    "IPLib\\": "src/"
                }
            },
            "notification-url": "https://packagist.org/downloads/",
            "license": [
                "MIT"
            ],
            "authors": [
                {
                    "name": "Michele Locati",
                    "email": "mlocati@gmail.com",
                    "homepage": "https://github.com/mlocati",
                    "role": "Author"
                }
            ],
            "description": "Handle IPv4, IPv6 addresses and ranges",
            "homepage": "https://github.com/mlocati/ip-lib",
            "keywords": [
                "IP",
                "address",
                "addresses",
                "ipv4",
                "ipv6",
                "matching",
                "network",
                "networking",
                "range",
                "subnet"
            ],
            "time": "2019-09-20T08:26:10+00:00"
        },
        {
            "name": "paragonie/random_compat",
            "version": "v2.0.18",
            "source": {
                "type": "git",
                "url": "https://github.com/paragonie/random_compat.git",
                "reference": "0a58ef6e3146256cc3dc7cc393927bcc7d1b72db"
            },
            "dist": {
                "type": "zip",
                "url": "https://api.github.com/repos/paragonie/random_compat/zipball/0a58ef6e3146256cc3dc7cc393927bcc7d1b72db",
                "reference": "0a58ef6e3146256cc3dc7cc393927bcc7d1b72db",
                "shasum": ""
            },
            "require": {
                "php": ">=5.2.0"
            },
            "require-dev": {
                "phpunit/phpunit": "4.*|5.*"
            },
            "suggest": {
                "ext-libsodium": "Provides a modern crypto API that can be used to generate random bytes."
            },
            "type": "library",
            "autoload": {
                "files": [
                    "lib/random.php"
                ]
            },
            "notification-url": "https://packagist.org/downloads/",
            "license": [
                "MIT"
            ],
            "authors": [
                {
                    "name": "Paragon Initiative Enterprises",
                    "email": "security@paragonie.com",
                    "homepage": "https://paragonie.com"
                }
            ],
            "description": "PHP 5.x polyfill for random_bytes() and random_int() from PHP 7",
            "keywords": [
                "csprng",
                "polyfill",
                "pseudorandom",
                "random"
            ],
            "time": "2019-01-03T20:59:08+00:00"
        },
        {
            "name": "pear/console_getopt",
            "version": "v1.4.2",
            "source": {
                "type": "git",
                "url": "https://github.com/pear/Console_Getopt.git",
                "reference": "6c77aeb625b32bd752e89ee17972d103588b90c0"
            },
            "dist": {
                "type": "zip",
                "url": "https://api.github.com/repos/pear/Console_Getopt/zipball/6c77aeb625b32bd752e89ee17972d103588b90c0",
                "reference": "6c77aeb625b32bd752e89ee17972d103588b90c0",
                "shasum": ""
            },
            "type": "library",
            "autoload": {
                "psr-0": {
                    "Console": "./"
                }
            },
            "notification-url": "https://packagist.org/downloads/",
            "include-path": [
                "./"
            ],
            "license": [
                "BSD-2-Clause"
            ],
            "authors": [
                {
                    "name": "Greg Beaver",
                    "email": "cellog@php.net",
                    "role": "Helper"
                },
                {
                    "name": "Andrei Zmievski",
                    "email": "andrei@php.net",
                    "role": "Lead"
                },
                {
                    "name": "Stig Bakken",
                    "email": "stig@php.net",
                    "role": "Developer"
                }
            ],
            "description": "More info available on: http://pear.php.net/package/Console_Getopt",
            "time": "2019-02-06T16:52:33+00:00"
        },
        {
            "name": "pear/http_request2",
            "version": "v2.3.0",
            "source": {
                "type": "git",
                "url": "https://github.com/pear/HTTP_Request2.git",
                "reference": "3599cf0fe455a4e281da464f6510bfc5c2ce54c4"
            },
            "dist": {
                "type": "zip",
                "url": "https://api.github.com/repos/pear/HTTP_Request2/zipball/3599cf0fe455a4e281da464f6510bfc5c2ce54c4",
                "reference": "3599cf0fe455a4e281da464f6510bfc5c2ce54c4",
                "shasum": ""
            },
            "require": {
                "pear/net_url2": "^2.2.0",
                "pear/pear_exception": "^1.0.0",
                "php": ">=5.2.0"
            },
            "suggest": {
                "ext-fileinfo": "Adds support for looking up mime-types using finfo.",
                "ext-zlib": "Allows handling gzip compressed responses.",
                "lib-curl": "Allows using cURL as a request backend.",
                "lib-openssl": "Allows handling SSL requests when not using cURL."
            },
            "type": "library",
            "extra": {
                "branch-alias": {
                    "dev-trunk": "2.2-dev"
                }
            },
            "autoload": {
                "psr-0": {
                    "HTTP_Request2": ""
                }
            },
            "notification-url": "https://packagist.org/downloads/",
            "include-path": [
                "./"
            ],
            "license": [
                "BSD-3-Clause"
            ],
            "authors": [
                {
                    "name": "Alexey Borzov",
                    "email": "avb@php.net"
                }
            ],
            "description": "Provides an easy way to perform HTTP requests.",
            "homepage": "http://pear.php.net/package/HTTP_Request2",
            "keywords": [
                "PEAR",
                "curl",
                "http",
                "request"
            ],
            "time": "2016-02-13T20:20:39+00:00"
        },
        {
            "name": "pear/net_dns2",
            "version": "v1.4.4",
            "source": {
                "type": "git",
                "url": "https://github.com/mikepultz/netdns2.git",
                "reference": "9596a781b4358ee7c1ee0d6b884667c6c4d9a204"
            },
            "dist": {
                "type": "zip",
                "url": "https://api.github.com/repos/mikepultz/netdns2/zipball/9596a781b4358ee7c1ee0d6b884667c6c4d9a204",
                "reference": "9596a781b4358ee7c1ee0d6b884667c6c4d9a204",
                "shasum": ""
            },
            "require": {
                "php": ">=5.1.2"
            },
            "type": "library",
            "autoload": {
                "psr-0": {
                    "Net_DNS2": ""
                }
            },
            "notification-url": "https://packagist.org/downloads/",
            "license": [
                "BSD-2-Clause"
            ],
            "authors": [
                {
                    "name": "Mike Pultz",
                    "email": "mike@mikepultz.com",
                    "homepage": "https://mikepultz.com/",
                    "role": "Developer"
                }
            ],
            "description": "Native PHP5 DNS Resolver and Updater Library",
            "homepage": "https://netdns2.com/",
            "keywords": [
                "PEAR",
                "dns",
                "network"
            ],
            "time": "2018-02-13T03:07:54+00:00"
        },
        {
            "name": "pear/net_url2",
            "version": "v2.2.2",
            "source": {
                "type": "git",
                "url": "https://github.com/pear/Net_URL2.git",
                "reference": "07fd055820dbf466ee3990abe96d0e40a8791f9d"
            },
            "dist": {
                "type": "zip",
                "url": "https://api.github.com/repos/pear/Net_URL2/zipball/07fd055820dbf466ee3990abe96d0e40a8791f9d",
                "reference": "07fd055820dbf466ee3990abe96d0e40a8791f9d",
                "shasum": ""
            },
            "require": {
                "php": ">=5.1.4"
            },
            "require-dev": {
                "phpunit/phpunit": ">=3.3.0"
            },
            "type": "library",
            "extra": {
                "branch-alias": {
                    "dev-master": "2.2.x-dev"
                }
            },
            "autoload": {
                "classmap": [
                    "Net/URL2.php"
                ]
            },
            "notification-url": "https://packagist.org/downloads/",
            "include-path": [
                "./"
            ],
            "license": [
                "BSD-3-Clause"
            ],
            "authors": [
                {
                    "name": "David Coallier",
                    "email": "davidc@php.net"
                },
                {
                    "name": "Tom Klingenberg",
                    "email": "tkli@php.net"
                },
                {
                    "name": "Christian Schmidt",
                    "email": "chmidt@php.net"
                }
            ],
            "description": "Class for parsing and handling URL. Provides parsing of URLs into their constituent parts (scheme, host, path etc.), URL generation, and resolving of relative URLs.",
            "homepage": "https://github.com/pear/Net_URL2",
            "keywords": [
                "PEAR",
                "net",
                "networking",
                "rfc3986",
                "uri",
                "url"
            ],
            "time": "2017-08-25T06:16:11+00:00"
        },
        {
            "name": "pear/pear-core-minimal",
            "version": "v1.10.9",
            "source": {
                "type": "git",
                "url": "https://github.com/pear/pear-core-minimal.git",
                "reference": "742be8dd68c746a01e4b0a422258e9c9cae1c37f"
            },
            "dist": {
                "type": "zip",
                "url": "https://api.github.com/repos/pear/pear-core-minimal/zipball/742be8dd68c746a01e4b0a422258e9c9cae1c37f",
                "reference": "742be8dd68c746a01e4b0a422258e9c9cae1c37f",
                "shasum": ""
            },
            "require": {
                "pear/console_getopt": "~1.4",
                "pear/pear_exception": "~1.0"
            },
            "replace": {
                "rsky/pear-core-min": "self.version"
            },
            "type": "library",
            "autoload": {
                "psr-0": {
                    "": "src/"
                }
            },
            "notification-url": "https://packagist.org/downloads/",
            "include-path": [
                "src/"
            ],
            "license": [
                "BSD-3-Clause"
            ],
            "authors": [
                {
                    "name": "Christian Weiske",
                    "email": "cweiske@php.net",
                    "role": "Lead"
                }
            ],
            "description": "Minimal set of PEAR core files to be used as composer dependency",
            "time": "2019-03-13T18:15:44+00:00"
        },
        {
            "name": "pear/pear_exception",
            "version": "v1.0.0",
            "source": {
                "type": "git",
                "url": "https://github.com/pear/PEAR_Exception.git",
                "reference": "8c18719fdae000b690e3912be401c76e406dd13b"
            },
            "dist": {
                "type": "zip",
                "url": "https://api.github.com/repos/pear/PEAR_Exception/zipball/8c18719fdae000b690e3912be401c76e406dd13b",
                "reference": "8c18719fdae000b690e3912be401c76e406dd13b",
                "shasum": ""
            },
            "require": {
                "php": ">=4.4.0"
            },
            "require-dev": {
                "phpunit/phpunit": "*"
            },
            "type": "class",
            "extra": {
                "branch-alias": {
                    "dev-master": "1.0.x-dev"
                }
            },
            "autoload": {
                "psr-0": {
                    "PEAR": ""
                }
            },
            "notification-url": "https://packagist.org/downloads/",
            "include-path": [
                "."
            ],
            "license": [
                "BSD-2-Clause"
            ],
            "authors": [
                {
                    "name": "Helgi Thormar",
                    "email": "dufuz@php.net"
                },
                {
                    "name": "Greg Beaver",
                    "email": "cellog@php.net"
                }
            ],
            "description": "The PEAR Exception base class.",
            "homepage": "https://github.com/pear/PEAR_Exception",
            "keywords": [
                "exception"
            ],
            "time": "2015-02-10T20:07:52+00:00"
        },
        {
            "name": "phpclasses/httpclient",
            "version": "1.0.5",
            "dist": {
                "type": "zip",
                "url": "https://www.phpclasses.org/install/package/httpclient.zip"
            },
            "require": {
                "phpclasses/sasl": ">=1.0.0"
            },
            "type": "library",
            "autoload": {
                "classmap": [
                    "http.php",
                    "yahoo_user.php"
                ]
            }
        },
        {
            "name": "phpclasses/oauth-api",
            "version": "1.0.105",
            "dist": {
                "type": "zip",
                "url": "https://www.phpclasses.org/install/package/oauth-api.zip"
            },
            "require": {
                "phpclasses/httpclient": "1.0.5"
            },
            "type": "library",
            "autoload": {
                "classmap": [
                    "oauth_client.php",
                    "mysqli_oauth_client.php",
                    "mysqli_offline_access_to_google.php",
                    "database_oauth_client.php",
                    "cookie_oauth_client.php",
                    "file_oauth_client.php"
                ]
            }
        },
        {
            "name": "phpclasses/sasl",
            "version": "1.0.0",
            "dist": {
                "type": "zip",
                "url": "https://www.phpclasses.org/install/package/sasl.zip"
            },
            "type": "library",
            "autoload": {
                "classmap": [
                    "sasl.php",
                    "plain_sasl_client.php",
                    "login_sasl_client.php",
                    "cram_md5_sasl_client.php",
                    "ntlm_sasl_client.php",
                    "basic_sasl_client.php",
                    "digest_sasl_client.php"
                ]
            }
        },
        {
            "name": "robthree/twofactorauth",
            "version": "1.6.7",
            "source": {
                "type": "git",
                "url": "https://github.com/RobThree/TwoFactorAuth.git",
                "reference": "3407c33775391fa8c36f7d766f26c5e59a736374"
            },
            "dist": {
                "type": "zip",
                "url": "https://api.github.com/repos/RobThree/TwoFactorAuth/zipball/3407c33775391fa8c36f7d766f26c5e59a736374",
                "reference": "3407c33775391fa8c36f7d766f26c5e59a736374",
                "shasum": ""
            },
            "require": {
                "php": ">=5.3.0"
            },
            "require-dev": {
                "phpunit/phpunit": "@stable"
            },
            "type": "library",
            "autoload": {
                "psr-4": {
                    "RobThree\\Auth\\": "lib"
                }
            },
            "notification-url": "https://packagist.org/downloads/",
            "license": [
                "MIT"
            ],
            "authors": [
                {
                    "name": "Rob Janssen",
                    "role": "Developer",
                    "homepage": "http://robiii.me"
                }
            ],
            "description": "Two Factor Authentication",
            "homepage": "https://github.com/RobThree/TwoFactorAuth",
            "keywords": [
                "Authentication",
                "MFA",
                "Multi Factor Authentication",
                "Two Factor Authentication",
                "authenticator",
                "authy",
                "php",
                "tfa"
            ],
            "time": "2019-06-21T08:51:04+00:00"
        },
        {
            "name": "servocoder/richfilemanager-php",
            "version": "v1.2.6",
            "source": {
                "type": "git",
                "url": "https://github.com/servocoder/RichFilemanager-PHP.git",
                "reference": "bdb42fd5fc361c7f1a57b83c91f43111af4a0caf"
            },
            "dist": {
                "type": "zip",
                "url": "https://api.github.com/repos/servocoder/RichFilemanager-PHP/zipball/bdb42fd5fc361c7f1a57b83c91f43111af4a0caf",
                "reference": "bdb42fd5fc361c7f1a57b83c91f43111af4a0caf",
                "shasum": ""
            },
            "require": {
                "illuminate/config": "5.4.*|5.5.*|5.6.*",
                "illuminate/container": "5.4.*|5.5.*|5.6.*",
                "php": ">= 5.6.4",
                "symfony/event-dispatcher": "~3.4|~4.0",
                "symfony/http-foundation": "~3.4|~4.0"
            },
            "type": "project",
            "autoload": {
                "psr-4": {
                    "RFM\\": "src/"
                },
                "files": [
                    "src/helpers.php"
                ]
            },
            "notification-url": "https://packagist.org/downloads/",
            "license": [
                "MIT"
            ],
            "authors": [
                {
                    "name": "Pavel Solomienko",
                    "role": "Developer",
                    "email": "servocoder@gmail.com",
                    "homepage": "http://fm.devale.pro"
                }
            ],
            "description": "PHP connector for RichFilemanager",
            "keywords": [
                "connector",
                "filemanager",
                "php",
                "plugin",
                "richfilemanager"
            ],
            "time": "2018-06-23T19:16:20+00:00"
        },
        {
            "name": "splitbrain/php-archive",
            "version": "1.0.9",
            "source": {
                "type": "git",
                "url": "https://github.com/splitbrain/php-archive.git",
                "reference": "2a63b8cf0bfc7fdc0d987c9b7348e639e55cce76"
            },
            "dist": {
                "type": "zip",
                "url": "https://api.github.com/repos/splitbrain/php-archive/zipball/2a63b8cf0bfc7fdc0d987c9b7348e639e55cce76",
                "reference": "2a63b8cf0bfc7fdc0d987c9b7348e639e55cce76",
                "shasum": ""
            },
            "require": {
                "php": ">=5.3.0"
            },
            "require-dev": {
                "phpunit/phpunit": "4.5.*"
            },
            "suggest": {
                "ext-iconv": "Used for proper filename encode handling",
                "ext-mbstring": "Can be used alternatively for handling filename encoding"
            },
            "type": "library",
            "autoload": {
                "psr-4": {
                    "splitbrain\\PHPArchive\\": "src"
                }
            },
            "notification-url": "https://packagist.org/downloads/",
            "license": [
                "MIT"
            ],
            "authors": [
                {
                    "name": "Andreas Gohr",
                    "email": "andi@splitbrain.org"
                }
            ],
            "description": "Pure-PHP implementation to read and write TAR and ZIP archives",
            "keywords": [
                "archive",
                "extract",
                "tar",
                "unpack",
                "unzip",
                "zip"
            ],
            "time": "2017-06-11T06:11:38+00:00"
        },
        {
            "name": "swiftmailer/swiftmailer",
            "version": "v5.4.12",
            "source": {
                "type": "git",
                "url": "https://github.com/swiftmailer/swiftmailer.git",
                "reference": "181b89f18a90f8925ef805f950d47a7190e9b950"
            },
            "dist": {
                "type": "zip",
                "url": "https://api.github.com/repos/swiftmailer/swiftmailer/zipball/181b89f18a90f8925ef805f950d47a7190e9b950",
                "reference": "181b89f18a90f8925ef805f950d47a7190e9b950",
                "shasum": ""
            },
            "require": {
                "php": ">=5.3.3"
            },
            "require-dev": {
                "mockery/mockery": "~0.9.1",
                "symfony/phpunit-bridge": "~3.2"
            },
            "type": "library",
            "extra": {
                "branch-alias": {
                    "dev-master": "5.4-dev"
                }
            },
            "autoload": {
                "files": [
                    "lib/swift_required.php"
                ]
            },
            "notification-url": "https://packagist.org/downloads/",
            "license": [
                "MIT"
            ],
            "authors": [
                {
                    "name": "Chris Corbyn"
                },
                {
                    "name": "Fabien Potencier",
                    "email": "fabien@symfony.com"
                }
            ],
            "description": "Swiftmailer, free feature-rich PHP mailer",
            "homepage": "https://swiftmailer.symfony.com",
            "keywords": [
                "email",
                "mail",
                "mailer"
            ],
            "time": "2018-07-31T09:26:32+00:00"
        },
        {
            "name": "symfony/event-dispatcher",
            "version": "v3.4.32",
            "source": {
                "type": "git",
                "url": "https://github.com/symfony/event-dispatcher.git",
                "reference": "3e922c4c3430b9de624e8a285dada5e61e230959"
            },
            "dist": {
                "type": "zip",
                "url": "https://api.github.com/repos/symfony/event-dispatcher/zipball/3e922c4c3430b9de624e8a285dada5e61e230959",
                "reference": "3e922c4c3430b9de624e8a285dada5e61e230959",
                "shasum": ""
            },
            "require": {
                "php": "^5.5.9|>=7.0.8"
            },
            "conflict": {
                "symfony/dependency-injection": "<3.3"
            },
            "require-dev": {
                "psr/log": "~1.0",
                "symfony/config": "~2.8|~3.0|~4.0",
                "symfony/dependency-injection": "~3.3|~4.0",
                "symfony/expression-language": "~2.8|~3.0|~4.0",
                "symfony/stopwatch": "~2.8|~3.0|~4.0"
            },
            "suggest": {
                "symfony/dependency-injection": "",
                "symfony/http-kernel": ""
            },
            "type": "library",
            "extra": {
                "branch-alias": {
                    "dev-master": "3.4-dev"
                }
            },
            "autoload": {
                "psr-4": {
                    "Symfony\\Component\\EventDispatcher\\": ""
                },
                "exclude-from-classmap": [
                    "/Tests/"
                ]
            },
            "notification-url": "https://packagist.org/downloads/",
            "license": [
                "MIT"
            ],
            "authors": [
                {
                    "name": "Fabien Potencier",
                    "email": "fabien@symfony.com"
                },
                {
                    "name": "Symfony Community",
                    "homepage": "https://symfony.com/contributors"
                }
            ],
            "description": "Symfony EventDispatcher Component",
            "homepage": "https://symfony.com",
            "time": "2019-08-23T08:05:57+00:00"
        },
        {
            "name": "symfony/http-foundation",
            "version": "v3.4.32",
            "source": {
                "type": "git",
                "url": "https://github.com/symfony/http-foundation.git",
                "reference": "233f40cbebd595ffd91ddf291355f8a930a13777"
            },
            "dist": {
                "type": "zip",
                "url": "https://api.github.com/repos/symfony/http-foundation/zipball/233f40cbebd595ffd91ddf291355f8a930a13777",
                "reference": "233f40cbebd595ffd91ddf291355f8a930a13777",
                "shasum": ""
            },
            "require": {
                "php": "^5.5.9|>=7.0.8",
                "symfony/polyfill-mbstring": "~1.1",
                "symfony/polyfill-php70": "~1.6"
            },
            "require-dev": {
                "symfony/expression-language": "~2.8|~3.0|~4.0"
            },
            "type": "library",
            "extra": {
                "branch-alias": {
                    "dev-master": "3.4-dev"
                }
            },
            "autoload": {
                "psr-4": {
                    "Symfony\\Component\\HttpFoundation\\": ""
                },
                "exclude-from-classmap": [
                    "/Tests/"
                ]
            },
            "notification-url": "https://packagist.org/downloads/",
            "license": [
                "MIT"
            ],
            "authors": [
                {
                    "name": "Fabien Potencier",
                    "email": "fabien@symfony.com"
                },
                {
                    "name": "Symfony Community",
                    "homepage": "https://symfony.com/contributors"
                }
            ],
            "description": "Symfony HttpFoundation Component",
            "homepage": "https://symfony.com",
            "time": "2019-10-02T16:15:21+00:00"
        },
        {
            "name": "symfony/polyfill-mbstring",
            "version": "v1.12.0",
            "source": {
                "type": "git",
                "url": "https://github.com/symfony/polyfill-mbstring.git",
                "reference": "b42a2f66e8f1b15ccf25652c3424265923eb4f17"
            },
            "dist": {
                "type": "zip",
                "url": "https://api.github.com/repos/symfony/polyfill-mbstring/zipball/b42a2f66e8f1b15ccf25652c3424265923eb4f17",
                "reference": "b42a2f66e8f1b15ccf25652c3424265923eb4f17",
                "shasum": ""
            },
            "require": {
                "php": ">=5.3.3"
            },
            "suggest": {
                "ext-mbstring": "For best performance"
            },
            "type": "library",
            "extra": {
                "branch-alias": {
                    "dev-master": "1.12-dev"
                }
            },
            "autoload": {
                "psr-4": {
                    "Symfony\\Polyfill\\Mbstring\\": ""
                },
                "files": [
                    "bootstrap.php"
                ]
            },
            "notification-url": "https://packagist.org/downloads/",
            "license": [
                "MIT"
            ],
            "authors": [
                {
                    "name": "Nicolas Grekas",
                    "email": "p@tchwork.com"
                },
                {
                    "name": "Symfony Community",
                    "homepage": "https://symfony.com/contributors"
                }
            ],
            "description": "Symfony polyfill for the Mbstring extension",
            "homepage": "https://symfony.com",
            "keywords": [
                "compatibility",
                "mbstring",
                "polyfill",
                "portable",
                "shim"
            ],
            "time": "2019-08-06T08:03:45+00:00"
        },
        {
            "name": "symfony/polyfill-php70",
            "version": "v1.12.0",
            "source": {
                "type": "git",
                "url": "https://github.com/symfony/polyfill-php70.git",
                "reference": "54b4c428a0054e254223797d2713c31e08610831"
            },
            "dist": {
                "type": "zip",
                "url": "https://api.github.com/repos/symfony/polyfill-php70/zipball/54b4c428a0054e254223797d2713c31e08610831",
                "reference": "54b4c428a0054e254223797d2713c31e08610831",
                "shasum": ""
            },
            "require": {
                "paragonie/random_compat": "~1.0|~2.0|~9.99",
                "php": ">=5.3.3"
            },
            "type": "library",
            "extra": {
                "branch-alias": {
                    "dev-master": "1.12-dev"
                }
            },
            "autoload": {
                "psr-4": {
                    "Symfony\\Polyfill\\Php70\\": ""
                },
                "files": [
                    "bootstrap.php"
                ],
                "classmap": [
                    "Resources/stubs"
                ]
            },
            "notification-url": "https://packagist.org/downloads/",
            "license": [
                "MIT"
            ],
            "authors": [
                {
                    "name": "Nicolas Grekas",
                    "email": "p@tchwork.com"
                },
                {
                    "name": "Symfony Community",
                    "homepage": "https://symfony.com/contributors"
                }
            ],
            "description": "Symfony polyfill backporting some PHP 7.0+ features to lower PHP versions",
            "homepage": "https://symfony.com",
            "keywords": [
                "compatibility",
                "polyfill",
                "portable",
                "shim"
            ],
            "time": "2019-08-06T08:03:45+00:00"
        }
    ],
    "packages-dev": [],
    "aliases": [],
    "minimum-stability": "stable",
    "stability-flags": [],
    "prefer-stable": false,
    "prefer-lowest": false,
    "platform": [],
    "platform-dev": [],
    "platform-overrides": {
        "php": "5.6.4"
    }
}
